<Solution>
  <Project Path="ClassLibrary1/ClassLibrary1.csproj" Id="f780b680-010c-48f4-ae2e-bf1d5bec5ff5" />
  <Project Path="Tests/Tests.csproj" Id="de9132da-c5d9-4560-841c-6ed9d99afe7d" />
  <Project Path="YetAnotherStrategyGame/YetAnotherStrategyGame.csproj" Id="a96d1897-85b8-460a-aed4-cf1ced89790f" />
</Solution>
